
Microsoft Visual Studio Solution File, Format Version 12.00
# Visual Studio Version 17
VisualStudioVersion = 17.10.34916.146
MinimumVisualStudioVersion = 10.0.40219.1
Project("{FAE04EC0-301F-11D3-BF4B-00C04F79EFBC}") = "ParseJson", "ParseJson\ParseJson.csproj", "{823D5700-3824-4EBE-9C83-AE91775ADAF5}"
EndProject
Global
	GlobalSection(SolutionConfigurationPlatforms) = preSolution
		Debug|Any CPU = Debug|Any CPU
		Release|Any CPU = Release|Any CPU
	EndGlobalSection
	GlobalSection(ProjectConfigurationPlatforms) = postSolution
		{823D5700-3824-4EBE-9C83-AE91775ADAF5}.Debug|Any CPU.ActiveCfg = Debug|Any CPU
		{823D5700-3824-4EBE-9C83-AE91775ADAF5}.Debug|Any CPU.Build.0 = Debug|Any CPU
		{823D5700-3824-4EBE-9C83-AE91775ADAF5}.Release|Any CPU.ActiveCfg = Release|Any CPU
		{823D5700-3824-4EBE-9C83-AE91775ADAF5}.Release|Any CPU.Build.0 = Release|Any CPU
	EndGlobalSection
	GlobalSection(SolutionProperties) = preSolution
		HideSolutionNode = FALSE
	EndGlobalSection
	GlobalSection(ExtensibilityGlobals) = postSolution
		SolutionGuid = {AAF08EF3-6370-45EC-9118-A6AF5DDE5068}
	EndGlobalSection
EndGlobal
